
Microsoft Visual Studio Solution File, Format Version 12.00
# Visual Studio Version 17
VisualStudioVersion = 17.9.34518.117
MinimumVisualStudioVersion = 10.0.40219.1
Project("{FAE04EC0-301F-11D3-BF4B-00C04F79EFBC}") = "StationApi", "StationApi\StationApi.csproj", "{B5185848-9BBC-4D0B-85D9-74E5A4F38678}"
EndProject
Global
	GlobalSection(SolutionConfigurationPlatforms) = preSolution
		Debug|Any CPU = Debug|Any CPU
		Release|Any CPU = Release|Any CPU
	EndGlobalSection
	GlobalSection(ProjectConfigurationPlatforms) = postSolution
		{B5185848-9BBC-4D0B-85D9-74E5A4F38678}.Debug|Any CPU.ActiveCfg = Debug|Any CPU
		{B5185848-9BBC-4D0B-85D9-74E5A4F38678}.Debug|Any CPU.Build.0 = Debug|Any CPU
		{B5185848-9BBC-4D0B-85D9-74E5A4F38678}.Release|Any CPU.ActiveCfg = Release|Any CPU
		{B5185848-9BBC-4D0B-85D9-74E5A4F38678}.Release|Any CPU.Build.0 = Release|Any CPU
	EndGlobalSection
	GlobalSection(SolutionProperties) = preSolution
		HideSolutionNode = FALSE
	EndGlobalSection
	GlobalSection(ExtensibilityGlobals) = postSolution
		SolutionGuid = {A0AB9BB9-D2B5-4BC0-BBFF-27C126730678}
	EndGlobalSection
EndGlobal
